<Project xmlns="http://schemas.microsoft.com/developer/msbuild/2003">
    <PropertyGroup>
        <ProjectGuid>{E8FE519F-8971-4830-9F11-11419B5AFC84}</ProjectGuid>
        <ProjectVersion>18.1</ProjectVersion>
        <FrameworkType>VCL</FrameworkType>
        <MainSource>caixa.dpr</MainSource>
        <Base>True</Base>
        <Config Condition="'$(Config)'==''">Debug</Config>
        <Platform Condition="'$(Platform)'==''">Win32</Platform>
        <TargetedPlatforms>1</TargetedPlatforms>
        <AppType>Application</AppType>
    </PropertyGroup>
    <PropertyGroup Condition="'$(Config)'=='Base' or '$(Base)'!=''">
        <Base>true</Base>
    </PropertyGroup>
    <PropertyGroup Condition="('$(Platform)'=='Win32' and '$(Base)'=='true') or '$(Base_Win32)'!=''">
        <Base_Win32>true</Base_Win32>
        <CfgParent>Base</CfgParent>
        <Base>true</Base>
    </PropertyGroup>
    <PropertyGroup Condition="('$(Platform)'=='Win64' and '$(Base)'=='true') or '$(Base_Win64)'!=''">
        <Base_Win64>true</Base_Win64>
        <CfgParent>Base</CfgParent>
        <Base>true</Base>
    </PropertyGroup>
    <PropertyGroup Condition="'$(Config)'=='Debug' or '$(Cfg_1)'!=''">
        <Cfg_1>true</Cfg_1>
        <CfgParent>Base</CfgParent>
        <Base>true</Base>
    </PropertyGroup>
    <PropertyGroup Condition="('$(Platform)'=='Win32' and '$(Cfg_1)'=='true') or '$(Cfg_1_Win32)'!=''">
        <Cfg_1_Win32>true</Cfg_1_Win32>
        <CfgParent>Cfg_1</CfgParent>
        <Cfg_1>true</Cfg_1>
        <Base>true</Base>
    </PropertyGroup>
    <PropertyGroup Condition="'$(Config)'=='Release' or '$(Cfg_2)'!=''">
        <Cfg_2>true</Cfg_2>
        <CfgParent>Base</CfgParent>
        <Base>true</Base>
    </PropertyGroup>
    <PropertyGroup Condition="('$(Platform)'=='Win32' and '$(Cfg_2)'=='true') or '$(Cfg_2_Win32)'!=''">
        <Cfg_2_Win32>true</Cfg_2_Win32>
        <CfgParent>Cfg_2</CfgParent>
        <Cfg_2>true</Cfg_2>
        <Base>true</Base>
    </PropertyGroup>
    <PropertyGroup Condition="'$(Base)'!=''">
        <SanitizedProjectName>caixa</SanitizedProjectName>
        <DCC_Namespace>System;Xml;Data;Datasnap;Web;Soap;Vcl;Vcl.Imaging;Vcl.Touch;Vcl.Samples;Vcl.Shell;$(DCC_Namespace)</DCC_Namespace>
        <Icon_MainIcon>$(BDS)\bin\delphi_PROJECTICON.ico</Icon_MainIcon>
        <DCC_DcuOutput>.\$(Platform)\$(Config)</DCC_DcuOutput>
        <DCC_ExeOutput>.\$(Platform)\$(Config)</DCC_ExeOutput>
        <DCC_E>false</DCC_E>
        <DCC_N>false</DCC_N>
        <DCC_S>false</DCC_S>
        <DCC_F>false</DCC_F>
        <DCC_K>false</DCC_K>
    </PropertyGroup>
    <PropertyGroup Condition="'$(Base_Win32)'!=''">
        <DCC_Namespace>Winapi;System.Win;Data.Win;Datasnap.Win;Web.Win;Soap.Win;Xml.Win;Bde;$(DCC_Namespace)</DCC_Namespace>
        <DCC_UsePackage>DBXSqliteDriver;fmxase;DBXDb2Driver;dxCoreRS23;vclactnband;dxPSdxLCLnkRS23;vclFireDAC;dxPSLnksRS23;frxe23;tethering;dxPSdxOCLnkRS23;dxTabbedMDIRS23;FireDACADSDriver;fsTee23;ACBr_BPeDabpeESCPOS;JvPluginSystem;ACBr_BPe;dxSpreadSheetCoreRS23;dxDBXServerModeRS23;dxHttpIndyRequestRS23;dxSpreadSheetCoreConditionalFormattingDialogsRS23;cxSchedulerRS23;FireDACMSSQLDriver;dxPScxGridLnkRS23;vcltouch;JvBands;ACBr_NFe;vcldb;ACBr_NFeDanfeFR;svn;JvJans;dxWizardControlRS23;dxPScxCommonRS23;frxcs23;ACBr_NFeDanfeESCPOS;dxBarRS23;cxSchedulerRibbonStyleEventEditorRS23;JvDotNetCtrls;dxPSTeeChartRS23;cxLibraryRS23;vclib;cxPivotGridChartRS23;DelPrintDX10;dxPSdxDBOCLnkRS23;ACBr_SATExtratoFR;dxGDIPlusRS23;fsDB23;FireDACDBXDriver;tmsexdXE10;ACBr_NFSeDanfseFR;RESTDWDriverFD;vclx;dxFireDACEMFRS23;ACBr_SATExtratoRL;dxdborRS23;RESTBackendComponents;dxPSPrVwRibbonRS23;VCLRESTComponents;ACBr_Reinf;G115FR230;vclie;bindengine;CloudService;JvHMI;FireDACMySQLDriver;ACBr_PAF;ACBr_SATECFVirtual;DataSnapClient;dxPScxPCProdRS23;fsADO23;bindcompdbx;ACBr_CTeDacteRL;ACBr_TCP;DBXSybaseASEDriver;IndyIPServer;ACBr_CTe;IndySystem;ACBr_PagFor;dsnapcon;cxTreeListdxBarPopupMenuRS23;ACBre_Social;FireDACMSAccDriver;FireDACInfxDriver;fmxFireDAC;vclimg;dxRichEditCoreRS23;Jcl;dxRichEditDocumentModelRS23;ACBr_SPEDImportar;ACBr_SPED;ACBr_MDFe;dxSpreadSheetConditionalFormattingDialogsRS23;frxADO23;IWBootstrapD10;ACBr_BoletoRL;dxBarDBNavRS23;dxFlowChartRS23;ACBr_LFD;DBXOdbcDriver;FireDACTDataDriver;FMXTee;fs23;soaprtl;DbxCommonDriver;dxSpreadSheetRS23;ACBr_CIOT;JvManagedThreads;ACBr_NFSeDanfseRL;dxPSdxSpreadSheetLnkRS23;xmlrtl;DataSnapNativeClient;soapmidas;fmxobj;JvTimeFramework;rtl;indy10sbridge230;DbxClientDriver;DBXSybaseASADriver;dxNavBarRS23;dxRichEditControlCoreRS23;JvSystem;JvStdCtrls;dxRichEditControlRS23;ACBr_Convenio115;appanalytics;cxPivotGridRS23;dxPScxVGridLnkRS23;IndyIPClient;dxRibbonRS23;bindcompvcl;dxPScxTLLnkRS23;dxSpreadSheetInplaceRichEditRS23;frxDB23;dxEMFRS23;dxMapControlRS23;TeeUI;dxSpreadSheetCoreDialogsRS23;JvDocking;JvPascalInterpreter;VclSmp;dxPScxSchedulerLnkRS23;cxTreeListRS23;FireDACODBCDriver;JclVcl;DataSnapIndy10ServerTransport;dxRibbonCustomizationFormRS23;dxPSRichEditControlLnkRS23;ACBr_Boleto;dxBarExtDBItemsRS23;DataSnapProviderClient;ACBr_SEF2;FireDACMongoDBDriver;dxSpreadSheetReportDesignerRS23;JvControls;dxSpellCheckerRS23;JvPrintPreview;frx23;ACBr_NFSe;ACBr_MDFeDamdfeFR;DataSnapServerMidas;RESTComponents;ZComponent;DBXInterBaseDriver;frxIntIO23;ACBr_NF3e;ACBr_TEFD;dxADOServerModeRS23;ZCore;emsclientfiredac;ACBr_SATWS;DataSnapFireDAC;svnui;JvGlobus;dxmdsRS23;dxdbtrRS23;dxPSDBTeeChartRS23;dxPSCoreRS23;DBXMSSQLDriver;JvMM;ACBr_MDFeDamdfeRL;DatasnapConnectorsFreePascal;PngComponentsD;ACBr_EDI;ACBr_ONE;DWhtmlEditor;bindcompfmx;JvNet;DBXOracleDriver;inetdb;JvAppFrm;ACBr_Diversos;dxPSdxMapControlLnkRS23;ACBr_GNREGuiaFR;FmxTeeUI;dxBarExtItemsRS23;cxSchedulerWebServiceStorageRS23;FireDACIBDriver;fmx;fmxdae;dxServerModeRS23;frxDBX23;ACBr_LCDPR;ACBr_CTeDacteFR;dxPsPrVwAdvRS23;JvWizards;frxIntIOIndy23;ACBr_Ponto;cxSchedulerGridRS23;dbexpress;IndyCore;ZParseSql;JvPageComps;dsnap;DataSnapCommon;emsclient;FireDACCommon;JvDB;ACBr_NFSeX;DataSnapConnectors;cxVerticalGridRS23;ACBR_DeSTDA;soapserver;sbridge230;ACBr_SAT;dxTileControlRS23;frxTee23;JclDeveloperTools;cxGridRS23;IWBootstrap4D10;FireDACOracleDriver;DBXMySQLDriver;JvCmp;DBXFirebirdDriver;ACBr_Sintegra;FireDACCommonDriver;ACBr_GNRE;ACBr_ADRCST;LockBoxDR;inet;IndyIPCommon;JvCustom;dxDockingRS23;vcl;ACBr_NFeDanfeRL;JvXPCtrls;dxPScxExtCommonRS23;ACBr_SATExtratoESCPOS;dxSkinsCoreRS23;FireDACDb2Driver;RtmRxCtl230;ACBr_Integrador;dxPSdxFCLnkRS23;dxtrmdRS23;TeeDB;FireDAC;cxSchedulerTreeBrowserRS23;ZDbc;JvCore;Intraweb_15_D10;dxFireDACServerModeRS23;ACBr_Comum;JvCrypt;FireDACSqliteDriver;FireDACPgDriver;ibmonitor;FireDACASADriver;ACBr_GNREGuiaRL;JvDlgs;JvRuntimeDesign;dxADOEMFRS23;RtmRxDB230;ibxpress;Tee;cxPivotGridOLAPRS23;DataSnapServer;ibxbindings;dxGaugeControlRS23;dxPSdxPDFViewerLnkRS23;FireDACDSDriver;vclwinx;ACBr_OpenSSL;CustomIPTransport;vcldsnap;RESTDWDriverZEOS;bindcomp;ZPlain;ACBr_Serial;DBXInformixDriver;dxPSdxGaugeControlLnkRS23;fgx;fsIBX23;EurekaLogCore;frce;OrangeUIDesign_FMX_XE10;dxCloudServiceLibraryRS23;dxRichEditInplaceRS23;dxPScxPivotGridLnkRS23;dxorgcRS23;ACBr_BlocoX;dxPSdxDBTVLnkRS23;ACBr_NFSeXDanfseRL;vclribbon;dbxcds;dxFlowChartLayoutsRS23;dxPDFViewerRS23;adortl;G115_R230;frxIBX23;ACBr_NFCeECFVirtual;ACBr_BoletoFR;ACBr_ANe;dxComnRS23;dsnapxml;dbrtl;IndyProtocols;inetdbxpress;cxExportRS23;dxFlowChartAdvancedCustomizeFormRS23;JclContainers;dxFlowChartDesignerRS23;ACBr_MTER;ACBr_NF3eDANF3eESCPOS;tmsdXE10;RestDatawareCORE;$(DCC_UsePackage)</DCC_UsePackage>
        <VerInfo_Locale>1033</VerInfo_Locale>
        <VerInfo_IncludeVerInfo>true</VerInfo_IncludeVerInfo>
        <VerInfo_Keys>CompanyName=;FileDescription=;FileVersion=1.0.0.0;InternalName=;LegalCopyright=;LegalTrademarks=;OriginalFilename=;ProductName=;ProductVersion=1.0.0.0;Comments=</VerInfo_Keys>
        <Manifest_File>$(BDS)\bin\default_app.manifest</Manifest_File>
    </PropertyGroup>
    <PropertyGroup Condition="'$(Base_Win64)'!=''">
        <DCC_UsePackage>DBXSqliteDriver;fmxase;DBXDb2Driver;dxCoreRS23;vclactnband;dxPSdxLCLnkRS23;vclFireDAC;dxPSLnksRS23;tethering;dxPSdxOCLnkRS23;dxTabbedMDIRS23;FireDACADSDriver;dxSpreadSheetCoreRS23;dxDBXServerModeRS23;dxHttpIndyRequestRS23;dxSpreadSheetCoreConditionalFormattingDialogsRS23;cxSchedulerRS23;FireDACMSSQLDriver;dxPScxGridLnkRS23;vcltouch;vcldb;dxWizardControlRS23;dxPScxCommonRS23;dxBarRS23;cxSchedulerRibbonStyleEventEditorRS23;dxPSTeeChartRS23;cxLibraryRS23;vclib;cxPivotGridChartRS23;dxPSdxDBOCLnkRS23;dxGDIPlusRS23;FireDACDBXDriver;tmsexdXE10;RESTDWDriverFD;vclx;dxFireDACEMFRS23;dxdborRS23;RESTBackendComponents;dxPSPrVwRibbonRS23;VCLRESTComponents;G115FR230;vclie;bindengine;CloudService;FireDACMySQLDriver;DataSnapClient;dxPScxPCProdRS23;bindcompdbx;DBXSybaseASEDriver;IndyIPServer;IndySystem;dsnapcon;cxTreeListdxBarPopupMenuRS23;FireDACMSAccDriver;FireDACInfxDriver;fmxFireDAC;vclimg;dxRichEditCoreRS23;dxRichEditDocumentModelRS23;dxSpreadSheetConditionalFormattingDialogsRS23;dxBarDBNavRS23;dxFlowChartRS23;DBXOdbcDriver;FireDACTDataDriver;FMXTee;soaprtl;DbxCommonDriver;dxSpreadSheetRS23;dxPSdxSpreadSheetLnkRS23;xmlrtl;DataSnapNativeClient;soapmidas;fmxobj;rtl;indy10sbridge230;DbxClientDriver;DBXSybaseASADriver;dxNavBarRS23;dxRichEditControlCoreRS23;dxRichEditControlRS23;appanalytics;cxPivotGridRS23;dxPScxVGridLnkRS23;IndyIPClient;dxRibbonRS23;bindcompvcl;dxPScxTLLnkRS23;dxSpreadSheetInplaceRichEditRS23;dxEMFRS23;dxMapControlRS23;TeeUI;dxSpreadSheetCoreDialogsRS23;VclSmp;dxPScxSchedulerLnkRS23;cxTreeListRS23;FireDACODBCDriver;DataSnapIndy10ServerTransport;dxRibbonCustomizationFormRS23;dxPSRichEditControlLnkRS23;dxBarExtDBItemsRS23;DataSnapProviderClient;FireDACMongoDBDriver;dxSpreadSheetReportDesignerRS23;dxSpellCheckerRS23;DataSnapServerMidas;RESTComponents;ZComponent;DBXInterBaseDriver;dxADOServerModeRS23;ZCore;emsclientfiredac;DataSnapFireDAC;dxmdsRS23;dxdbtrRS23;dxPSDBTeeChartRS23;dxPSCoreRS23;DBXMSSQLDriver;DatasnapConnectorsFreePascal;PngComponentsD;DWhtmlEditor;bindcompfmx;DBXOracleDriver;inetdb;dxPSdxMapControlLnkRS23;FmxTeeUI;dxBarExtItemsRS23;cxSchedulerWebServiceStorageRS23;FireDACIBDriver;fmx;fmxdae;dxServerModeRS23;dxPsPrVwAdvRS23;cxSchedulerGridRS23;dbexpress;IndyCore;ZParseSql;dsnap;DataSnapCommon;emsclient;FireDACCommon;DataSnapConnectors;cxVerticalGridRS23;soapserver;sbridge230;dxTileControlRS23;cxGridRS23;FireDACOracleDriver;DBXMySQLDriver;DBXFirebirdDriver;FireDACCommonDriver;LockBoxDR;inet;IndyIPCommon;dxDockingRS23;vcl;dxPScxExtCommonRS23;dxSkinsCoreRS23;FireDACDb2Driver;dxPSdxFCLnkRS23;dxtrmdRS23;TeeDB;FireDAC;cxSchedulerTreeBrowserRS23;ZDbc;dxFireDACServerModeRS23;FireDACSqliteDriver;FireDACPgDriver;ibmonitor;FireDACASADriver;dxADOEMFRS23;ibxpress;Tee;cxPivotGridOLAPRS23;DataSnapServer;ibxbindings;dxGaugeControlRS23;dxPSdxPDFViewerLnkRS23;FireDACDSDriver;vclwinx;CustomIPTransport;vcldsnap;bindcomp;ZPlain;DBXInformixDriver;dxPSdxGaugeControlLnkRS23;dxCloudServiceLibraryRS23;dxRichEditInplaceRS23;dxPScxPivotGridLnkRS23;dxorgcRS23;dxPSdxDBTVLnkRS23;vclribbon;dbxcds;dxFlowChartLayoutsRS23;dxPDFViewerRS23;adortl;G115_R230;dxComnRS23;dsnapxml;dbrtl;IndyProtocols;inetdbxpress;cxExportRS23;dxFlowChartAdvancedCustomizeFormRS23;dxFlowChartDesignerRS23;tmsdXE10;RestDatawareCORE;$(DCC_UsePackage)</DCC_UsePackage>
    </PropertyGroup>
    <PropertyGroup Condition="'$(Cfg_1)'!=''">
        <DCC_Define>DEBUG;$(DCC_Define)</DCC_Define>
        <DCC_DebugDCUs>true</DCC_DebugDCUs>
        <DCC_Optimize>false</DCC_Optimize>
        <DCC_GenerateStackFrames>true</DCC_GenerateStackFrames>
        <DCC_DebugInfoInExe>true</DCC_DebugInfoInExe>
        <DCC_RemoteDebug>true</DCC_RemoteDebug>
    </PropertyGroup>
    <PropertyGroup Condition="'$(Cfg_1_Win32)'!=''">
        <AppEnableHighDPI>true</AppEnableHighDPI>
        <AppEnableRuntimeThemes>true</AppEnableRuntimeThemes>
        <DCC_RemoteDebug>false</DCC_RemoteDebug>
    </PropertyGroup>
    <PropertyGroup Condition="'$(Cfg_2)'!=''">
        <DCC_LocalDebugSymbols>false</DCC_LocalDebugSymbols>
        <DCC_Define>RELEASE;$(DCC_Define)</DCC_Define>
        <DCC_SymbolReferenceInfo>0</DCC_SymbolReferenceInfo>
        <DCC_DebugInformation>0</DCC_DebugInformation>
    </PropertyGroup>
    <PropertyGroup Condition="'$(Cfg_2_Win32)'!=''">
        <AppEnableHighDPI>true</AppEnableHighDPI>
        <AppEnableRuntimeThemes>true</AppEnableRuntimeThemes>
    </PropertyGroup>
    <ItemGroup>
        <DelphiCompile Include="$(MainSource)">
            <MainSource>MainSource</MainSource>
        </DelphiCompile>
        <DCCReference Include="REMOVER.pas">
            <Form>Form13</Form>
            <FormType>dfm</FormType>
        </DCCReference>
        <DCCReference Include="..\uu_data_module.pas">
            <Form>dm</Form>
            <FormType>dfm</FormType>
            <DesignClass>TDataModule</DesignClass>
        </DCCReference>
        <DCCReference Include="..\common\RealFramework.pas"/>
        <DCCReference Include="..\controller\FormaPagamentoController.pas"/>
        <DCCReference Include="..\controller\GrupoAdicionalController.pas"/>
        <DCCReference Include="..\controller\GrupoDeAdicionaisController.pas"/>
        <DCCReference Include="..\controller\ProdutoAdicionalController.pas"/>
        <DCCReference Include="..\controller\UnidadeMedidaController.pas"/>
        <DCCReference Include="..\DAO\FormaPagamentoDAO.pas"/>
        <DCCReference Include="..\DAO\GrupoAdicionalDAO.pas"/>
        <DCCReference Include="..\DAO\GrupoDAO.pas"/>
        <DCCReference Include="..\DAO\GrupoDeAdicionaisDAO.pas"/>
        <DCCReference Include="..\DAO\InformacaoMesaDAO.pas"/>
        <DCCReference Include="..\DAO\ObsClienteDeliveryDAO.pas"/>
        <DCCReference Include="..\DAO\PaisDAO.pas"/>
        <DCCReference Include="..\DAO\RealDaoExecute.pas"/>
        <DCCReference Include="..\DAO\ReplicationContainer.pas"/>
        <DCCReference Include="..\DAO\ReplicationItem.pas"/>
        <DCCReference Include="..\DAO\UnidadeMedidaDAO.pas"/>
        <DCCReference Include="..\DAO\URealDatasets.pas"/>
        <DCCReference Include="..\DAO\URequisicaoAPIHorse.pas"/>
        <DCCReference Include="..\model\Aliquota.pas"/>
        <DCCReference Include="..\model\ConfiguracoesNFCE.pas"/>
        <DCCReference Include="..\model\EstadoModel.pas"/>
        <DCCReference Include="..\model\FormaPagamento.pas"/>
        <DCCReference Include="..\model\FornecedorModel.pas"/>
        <DCCReference Include="..\model\Grupo.pas"/>
        <DCCReference Include="..\model\GrupoAdicional.pas"/>
        <DCCReference Include="..\model\GrupoDeAdicionais.pas"/>
        <DCCReference Include="..\model\InformacaoMesa.pas"/>
        <DCCReference Include="..\model\InventarioModel.pas"/>
        <DCCReference Include="..\model\MovimentacaoEstoqueModel.pas"/>
        <DCCReference Include="..\model\MunicipioModel.pas"/>
        <DCCReference Include="..\model\ObsClienteDeliveryModel.pas"/>
        <DCCReference Include="..\model\PaisModel.pas"/>
        <DCCReference Include="..\model\Parametros.pas"/>
        <DCCReference Include="..\model\ParametrosEstacao.pas"/>
        <DCCReference Include="..\model\Produto.pas"/>
        <DCCReference Include="..\model\Recebimento.pas"/>
        <DCCReference Include="..\model\TransferenciaItem.pas"/>
        <DCCReference Include="..\model\UnidadeMedida.pas"/>
        <DCCReference Include="..\DM\uuDmAtualizaBase.pas">
            <Form>dmAtualizaBase</Form>
            <FormType>dfm</FormType>
            <DesignClass>TDataModule</DesignClass>
        </DCCReference>
        <DCCReference Include="..\DM\uuDMAuditoriaCaixa.pas">
            <Form>dmAuditoriaCaixa</Form>
            <FormType>dfm</FormType>
            <DesignClass>TDataModule</DesignClass>
        </DCCReference>
        <DCCReference Include="..\DM\uuDMExpedicaoDelivery.pas">
            <Form>dmExpedicaoDelivery</Form>
            <FormType>dfm</FormType>
            <DesignClass>TDataModule</DesignClass>
        </DCCReference>
        <DCCReference Include="..\DM\uuDMFrenteCaixa.pas">
            <Form>dmFrenteCaixa</Form>
            <FormType>dfm</FormType>
            <DesignClass>TDataModule</DesignClass>
        </DCCReference>
        <DCCReference Include="..\DM\uuDMGruposAdicionais.pas">
            <Form>dmGruposAdicionais</Form>
            <FormType>dfm</FormType>
            <DesignClass>TDataModule</DesignClass>
        </DCCReference>
        <DCCReference Include="..\DM\uuDMPedidoDelivery.pas">
            <Form>dmPedidoDelivery</Form>
            <FormType>dfm</FormType>
            <DesignClass>TDataModule</DesignClass>
        </DCCReference>
        <DCCReference Include="..\uuRealDialog.pas">
            <Form>frmRealDialog</Form>
            <FormType>dfm</FormType>
        </DCCReference>
        <BuildConfiguration Include="Release">
            <Key>Cfg_2</Key>
            <CfgParent>Base</CfgParent>
        </BuildConfiguration>
        <BuildConfiguration Include="Base">
            <Key>Base</Key>
        </BuildConfiguration>
        <BuildConfiguration Include="Debug">
            <Key>Cfg_1</Key>
            <CfgParent>Base</CfgParent>
        </BuildConfiguration>
    </ItemGroup>
    <ProjectExtensions>
        <Borland.Personality>Delphi.Personality.12</Borland.Personality>
        <Borland.ProjectType>Application</Borland.ProjectType>
        <BorlandProject>
            <Delphi.Personality>
                <Source>
                    <Source Name="MainSource">caixa.dpr</Source>
                </Source>
            </Delphi.Personality>
            <Deployment Version="2">
                <DeployFile LocalName="Win32\Debug\caixa.exe" Configuration="Debug" Class="ProjectOutput">
                    <Platform Name="Win32">
                        <RemoteName>caixa.exe</RemoteName>
                        <Overwrite>true</Overwrite>
                    </Platform>
                </DeployFile>
                <DeployClass Name="DependencyModule">
                    <Platform Name="Win32">
                        <Operation>0</Operation>
                        <Extensions>.dll;.bpl</Extensions>
                    </Platform>
                    <Platform Name="iOSDevice64">
                        <Operation>1</Operation>
                        <Extensions>.dylib</Extensions>
                    </Platform>
                    <Platform Name="OSX32">
                        <RemoteDir>Contents\MacOS</RemoteDir>
                        <Operation>1</Operation>
                        <Extensions>.dylib</Extensions>
                    </Platform>
                    <Platform Name="iOSDevice32">
                        <Operation>1</Operation>
                        <Extensions>.dylib</Extensions>
                    </Platform>
                    <Platform Name="iOSSimulator">
                        <Operation>1</Operation>
                        <Extensions>.dylib</Extensions>
                    </Platform>
                </DeployClass>
                <DeployClass Name="ProjectOSXResource">
                    <Platform Name="OSX32">
                        <RemoteDir>Contents\Resources</RemoteDir>
                        <Operation>1</Operation>
                    </Platform>
                </DeployClass>
                <DeployClass Name="AndroidClassesDexFile">
                    <Platform Name="Android">
                        <RemoteDir>classes</RemoteDir>
                        <Operation>1</Operation>
                    </Platform>
                </DeployClass>
                <DeployClass Name="AdditionalDebugSymbols">
                    <Platform Name="Win32">
                        <RemoteDir>Contents\MacOS</RemoteDir>
                        <Operation>0</Operation>
                    </Platform>
                    <Platform Name="iOSSimulator">
                        <Operation>1</Operation>
                    </Platform>
                    <Platform Name="OSX32">
                        <RemoteDir>Contents\MacOS</RemoteDir>
                        <Operation>1</Operation>
                    </Platform>
                </DeployClass>
                <DeployClass Name="iPad_Launch768">
                    <Platform Name="iOSSimulator">
                        <Operation>1</Operation>
                    </Platform>
                    <Platform Name="iOSDevice64">
                        <Operation>1</Operation>
                    </Platform>
                    <Platform Name="iOSDevice32">
                        <Operation>1</Operation>
                    </Platform>
                </DeployClass>
                <DeployClass Name="Android_LauncherIcon144">
                    <Platform Name="Android">
                        <RemoteDir>res\drawable-xxhdpi</RemoteDir>
                        <Operation>1</Operation>
                    </Platform>
                </DeployClass>
                <DeployClass Name="AndroidLibnativeMipsFile">
                    <Platform Name="Android">
                        <RemoteDir>library\lib\mips</RemoteDir>
                        <Operation>1</Operation>
                    </Platform>
                </DeployClass>
                <DeployClass Required="true" Name="ProjectOutput">
                    <Platform Name="Win32">
                        <Operation>0</Operation>
                    </Platform>
                    <Platform Name="iOSDevice64">
                        <Operation>1</Operation>
                    </Platform>
                    <Platform Name="OSX32">
                        <RemoteDir>Contents\MacOS</RemoteDir>
                        <Operation>1</Operation>
                    </Platform>
                    <Platform Name="iOSDevice32">
                        <Operation>1</Operation>
                    </Platform>
                    <Platform Name="Android">
                        <RemoteDir>library\lib\armeabi-v7a</RemoteDir>
                        <Operation>1</Operation>
                    </Platform>
                    <Platform Name="iOSSimulator">
                        <Operation>1</Operation>
                    </Platform>
                </DeployClass>
                <DeployClass Name="DependencyFramework">
                    <Platform Name="Win32">
                        <Operation>0</Operation>
                    </Platform>
                    <Platform Name="OSX32">
                        <RemoteDir>Contents\MacOS</RemoteDir>
                        <Operation>1</Operation>
                        <Extensions>.framework</Extensions>
                    </Platform>
                </DeployClass>
                <DeployClass Name="iPhone_Launch640">
                    <Platform Name="iOSSimulator">
                        <Operation>1</Operation>
                    </Platform>
                    <Platform Name="iOSDevice64">
                        <Operation>1</Operation>
                    </Platform>
                    <Platform Name="iOSDevice32">
                        <Operation>1</Operation>
                    </Platform>
                </DeployClass>
                <DeployClass Name="iPad_Launch1024">
                    <Platform Name="iOSSimulator">
                        <Operation>1</Operation>
                    </Platform>
                    <Platform Name="iOSDevice64">
                        <Operation>1</Operation>
                    </Platform>
                    <Platform Name="iOSDevice32">
                        <Operation>1</Operation>
                    </Platform>
                </DeployClass>
                <DeployClass Name="ProjectiOSDeviceDebug">
                    <Platform Name="iOSDevice64">
                        <RemoteDir>..\$(PROJECTNAME).app.dSYM\Contents\Resources\DWARF</RemoteDir>
                        <Operation>1</Operation>
                    </Platform>
                    <Platform Name="iOSDevice32">
                        <RemoteDir>..\$(PROJECTNAME).app.dSYM\Contents\Resources\DWARF</RemoteDir>
                        <Operation>1</Operation>
                    </Platform>
                </DeployClass>
                <DeployClass Name="AndroidLibnativeX86File">
                    <Platform Name="Android">
                        <RemoteDir>library\lib\x86</RemoteDir>
                        <Operation>1</Operation>
                    </Platform>
                </DeployClass>
                <DeployClass Name="iPhone_Launch320">
                    <Platform Name="iOSSimulator">
                        <Operation>1</Operation>
                    </Platform>
                    <Platform Name="iOSDevice64">
                        <Operation>1</Operation>
                    </Platform>
                    <Platform Name="iOSDevice32">
                        <Operation>1</Operation>
                    </Platform>
                </DeployClass>
                <DeployClass Name="ProjectiOSInfoPList">
                    <Platform Name="iOSSimulator">
                        <Operation>1</Operation>
                    </Platform>
                    <Platform Name="iOSDevice64">
                        <Operation>1</Operation>
                    </Platform>
                    <Platform Name="iOSDevice32">
                        <Operation>1</Operation>
                    </Platform>
                </DeployClass>
                <DeployClass Name="AndroidLibnativeArmeabiFile">
                    <Platform Name="Android">
                        <RemoteDir>library\lib\armeabi</RemoteDir>
                        <Operation>1</Operation>
                    </Platform>
                </DeployClass>
                <DeployClass Name="DebugSymbols">
                    <Platform Name="Win32">
                        <Operation>0</Operation>
                    </Platform>
                    <Platform Name="iOSSimulator">
                        <Operation>1</Operation>
                    </Platform>
                    <Platform Name="OSX32">
                        <RemoteDir>Contents\MacOS</RemoteDir>
                        <Operation>1</Operation>
                    </Platform>
                </DeployClass>
                <DeployClass Name="iPad_Launch1536">
                    <Platform Name="iOSSimulator">
                        <Operation>1</Operation>
                    </Platform>
                    <Platform Name="iOSDevice64">
                        <Operation>1</Operation>
                    </Platform>
                    <Platform Name="iOSDevice32">
                        <Operation>1</Operation>
                    </Platform>
                </DeployClass>
                <DeployClass Name="Android_SplashImage470">
                    <Platform Name="Android">
                        <RemoteDir>res\drawable-normal</RemoteDir>
                        <Operation>1</Operation>
                    </Platform>
                </DeployClass>
                <DeployClass Name="Android_LauncherIcon96">
                    <Platform Name="Android">
                        <RemoteDir>res\drawable-xhdpi</RemoteDir>
                        <Operation>1</Operation>
                    </Platform>
                </DeployClass>
                <DeployClass Name="Android_SplashImage640">
                    <Platform Name="Android">
                        <RemoteDir>res\drawable-large</RemoteDir>
                        <Operation>1</Operation>
                    </Platform>
                </DeployClass>
                <DeployClass Name="iPhone_Launch640x1136">
                    <Platform Name="iOSSimulator">
                        <Operation>1</Operation>
                    </Platform>
                    <Platform Name="iOSDevice64">
                        <Operation>1</Operation>
                    </Platform>
                    <Platform Name="iOSDevice32">
                        <Operation>1</Operation>
                    </Platform>
                </DeployClass>
                <DeployClass Name="ProjectiOSEntitlements">
                    <Platform Name="iOSDevice64">
                        <RemoteDir>../</RemoteDir>
                        <Operation>1</Operation>
                    </Platform>
                    <Platform Name="iOSDevice32">
                        <RemoteDir>../</RemoteDir>
                        <Operation>1</Operation>
                    </Platform>
                </DeployClass>
                <DeployClass Name="Android_LauncherIcon72">
                    <Platform Name="Android">
                        <RemoteDir>res\drawable-hdpi</RemoteDir>
                        <Operation>1</Operation>
                    </Platform>
                </DeployClass>
                <DeployClass Name="AndroidGDBServer">
                    <Platform Name="Android">
                        <RemoteDir>library\lib\armeabi-v7a</RemoteDir>
                        <Operation>1</Operation>
                    </Platform>
                </DeployClass>
                <DeployClass Name="ProjectOSXInfoPList">
                    <Platform Name="OSX32">
                        <RemoteDir>Contents</RemoteDir>
                        <Operation>1</Operation>
                    </Platform>
                </DeployClass>
                <DeployClass Name="ProjectOSXEntitlements">
                    <Platform Name="OSX32">
                        <RemoteDir>../</RemoteDir>
                        <Operation>1</Operation>
                    </Platform>
                </DeployClass>
                <DeployClass Name="iPad_Launch2048">
                    <Platform Name="iOSSimulator">
                        <Operation>1</Operation>
                    </Platform>
                    <Platform Name="iOSDevice64">
                        <Operation>1</Operation>
                    </Platform>
                    <Platform Name="iOSDevice32">
                        <Operation>1</Operation>
                    </Platform>
                </DeployClass>
                <DeployClass Name="AndroidSplashStyles">
                    <Platform Name="Android">
                        <RemoteDir>res\values</RemoteDir>
                        <Operation>1</Operation>
                    </Platform>
                </DeployClass>
                <DeployClass Name="Android_SplashImage426">
                    <Platform Name="Android">
                        <RemoteDir>res\drawable-small</RemoteDir>
                        <Operation>1</Operation>
                    </Platform>
                </DeployClass>
                <DeployClass Name="AndroidSplashImageDef">
                    <Platform Name="Android">
                        <RemoteDir>res\drawable</RemoteDir>
                        <Operation>1</Operation>
                    </Platform>
                </DeployClass>
                <DeployClass Name="ProjectiOSResource">
                    <Platform Name="iOSSimulator">
                        <Operation>1</Operation>
                    </Platform>
                    <Platform Name="iOSDevice64">
                        <Operation>1</Operation>
                    </Platform>
                    <Platform Name="iOSDevice32">
                        <Operation>1</Operation>
                    </Platform>
                </DeployClass>
                <DeployClass Name="ProjectAndroidManifest">
                    <Platform Name="Android">
                        <Operation>1</Operation>
                    </Platform>
                </DeployClass>
                <DeployClass Name="Android_DefaultAppIcon">
                    <Platform Name="Android">
                        <RemoteDir>res\drawable</RemoteDir>
                        <Operation>1</Operation>
                    </Platform>
                </DeployClass>
                <DeployClass Name="File">
                    <Platform Name="Win32">
                        <Operation>0</Operation>
                    </Platform>
                    <Platform Name="iOSDevice64">
                        <Operation>0</Operation>
                    </Platform>
                    <Platform Name="OSX32">
                        <RemoteDir>Contents\Resources\StartUp\</RemoteDir>
                        <Operation>0</Operation>
                    </Platform>
                    <Platform Name="iOSDevice32">
                        <Operation>0</Operation>
                    </Platform>
                    <Platform Name="Android">
                        <Operation>0</Operation>
                    </Platform>
                    <Platform Name="iOSSimulator">
                        <Operation>0</Operation>
                    </Platform>
                </DeployClass>
                <DeployClass Name="AndroidServiceOutput">
                    <Platform Name="Android">
                        <RemoteDir>library\lib\armeabi-v7a</RemoteDir>
                        <Operation>1</Operation>
                    </Platform>
                </DeployClass>
                <DeployClass Required="true" Name="DependencyPackage">
                    <Platform Name="Win32">
                        <Operation>0</Operation>
                        <Extensions>.bpl</Extensions>
                    </Platform>
                    <Platform Name="iOSDevice64">
                        <Operation>1</Operation>
                        <Extensions>.dylib</Extensions>
                    </Platform>
                    <Platform Name="OSX32">
                        <RemoteDir>Contents\MacOS</RemoteDir>
                        <Operation>1</Operation>
                        <Extensions>.dylib</Extensions>
                    </Platform>
                    <Platform Name="iOSDevice32">
                        <Operation>1</Operation>
                        <Extensions>.dylib</Extensions>
                    </Platform>
                    <Platform Name="iOSSimulator">
                        <Operation>1</Operation>
                        <Extensions>.dylib</Extensions>
                    </Platform>
                </DeployClass>
                <DeployClass Name="Android_LauncherIcon48">
                    <Platform Name="Android">
                        <RemoteDir>res\drawable-mdpi</RemoteDir>
                        <Operation>1</Operation>
                    </Platform>
                </DeployClass>
                <DeployClass Name="Android_SplashImage960">
                    <Platform Name="Android">
                        <RemoteDir>res\drawable-xlarge</RemoteDir>
                        <Operation>1</Operation>
                    </Platform>
                </DeployClass>
                <DeployClass Name="Android_LauncherIcon36">
                    <Platform Name="Android">
                        <RemoteDir>res\drawable-ldpi</RemoteDir>
                        <Operation>1</Operation>
                    </Platform>
                </DeployClass>
                <DeployClass Name="ProjectiOSDeviceResourceRules">
                    <Platform Name="iOSDevice64">
                        <Operation>1</Operation>
                    </Platform>
                    <Platform Name="iOSDevice32">
                        <Operation>1</Operation>
                    </Platform>
                </DeployClass>
                <ProjectRoot Platform="iOSDevice64" Name="$(PROJECTNAME).app"/>
                <ProjectRoot Platform="Win64" Name="$(PROJECTNAME)"/>
                <ProjectRoot Platform="iOSDevice32" Name="$(PROJECTNAME).app"/>
                <ProjectRoot Platform="Win32" Name="$(PROJECTNAME)"/>
                <ProjectRoot Platform="OSX32" Name="$(PROJECTNAME).app"/>
                <ProjectRoot Platform="Android" Name="$(PROJECTNAME)"/>
                <ProjectRoot Platform="iOSSimulator" Name="$(PROJECTNAME).app"/>
            </Deployment>
            <Platforms>
                <Platform value="Win32">True</Platform>
                <Platform value="Win64">False</Platform>
            </Platforms>
        </BorlandProject>
        <ProjectFileVersion>12</ProjectFileVersion>
    </ProjectExtensions>
    <Import Project="$(BDS)\Bin\CodeGear.Delphi.Targets" Condition="Exists('$(BDS)\Bin\CodeGear.Delphi.Targets')"/>
    <Import Project="$(APPDATA)\Embarcadero\$(BDSAPPDATABASEDIR)\$(PRODUCTVERSION)\UserTools.proj" Condition="Exists('$(APPDATA)\Embarcadero\$(BDSAPPDATABASEDIR)\$(PRODUCTVERSION)\UserTools.proj')"/>
    <Import Project="$(MSBuildProjectName).deployproj" Condition="Exists('$(MSBuildProjectName).deployproj')"/>
</Project>

<!-- EurekaLog First Line
[Exception Log]
EurekaLog Version=7007
Activate=1
atFixSafeCallException=1
atVCL=1
atWin32=1
DeleteMapAfterCompile=0
dpJCL=1
Encrypt Password=""
idConsole=1
idEurekaLog=1
idEurekaLogDetailed=1
idMSClassic=1
idService=1
idStepsToReproduce=1
idWeb=1
idWER=1
InjectCode=1
InjectInfo=1
InjectOptions=1
loEnableMMDebugMode=1
Output Path="%%_ExceptModulePath%%\\eurekalog"
ProjectID="{FC0CEEA6-F33F-4631-B48F-C27681C15136}"
soActCtlsControlClass=1
soActCtlsControlText=1
soActCtlsFormClass=1
soActCtlsFormText=1
soAppElevated=1
soAppIntegrity=1
soAppMemAllocated=1
soAppMemPrivate=1
soAppMemRAM=1
soAppMemVirtual=1
soAppObjects=1
soAppObjectsGDI=1
soAppObjectsUSER=1
soCmpDisplayMode=1
soCmpFreeDisk=1
soCmpFreeMemory=1
soCmpIdle=1
soCmpName=1
soCmpPrinter=1
soCmpProcessor=1
soCmpSysUpTime=1
soCmpTotalDisk=1
soCmpTotalMemory=1
soCmpVideoCard=1
soCmpVM=1
soExcNote=1
soExcStatus=1
soNetDHCP=1
soNetDNS1=1
soNetDNS2=1
soNetGateway=1
soNetIP=1
soNetName=1
soNetSubmask=1
soOSBuildN=1
soOSCharset=1
soOSEdition=1
soOSInstallLanguage=1
soOSLanguage=1
soOSType=1
soOSUAC=1
soOSUILanguage=1
soOSUpdate=1
soUserAdmin=1
soUserCompany=1
soUserID=1
soUserPrivileges=1
soUserRestricted=1
EurekaLog Last Line -->
